// !$*UTF8*$!
{
	archiveVersion = 1;
	classes = {
	};
	objectVersion = 46;
	objects = {

/* Begin PBXBuildFile section */
		BAE389A319943F2C00CBAF33 /* Foundation.framework in Frameworks */ = {isa = PBXBuildFile; fileRef = BAE389A219943F2C00CBAF33 /* Foundation.framework */; };
		BAE389A519943F2C00CBAF33 /* CoreGraphics.framework in Frameworks */ = {isa = PBXBuildFile; fileRef = BAE389A419943F2C00CBAF33 /* CoreGraphics.framework */; };
		BAE389A719943F2C00CBAF33 /* UIKit.framework in Frameworks */ = {isa = PBXBuildFile; fileRef = BAE389A619943F2C00CBAF33 /* UIKit.framework */; };
		BAE389AD19943F2C00CBAF33 /* InfoPlist.strings in Resources */ = {isa = PBXBuildFile; fileRef = BAE389AB19943F2C00CBAF33 /* InfoPlist.strings */; };
		BAE389AF19943F2C00CBAF33 /* main.m in Sources */ = {isa = PBXBuildFile; fileRef = BAE389AE19943F2C00CBAF33 /* main.m */; };
		BAE389B319943F2C00CBAF33 /* UIMonitorTesterAppDelegate.m in Sources */ = {isa = PBXBuildFile; fileRef = BAE389B219943F2C00CBAF33 /* UIMonitorTesterAppDelegate.m */; };
		BAE389B619943F2C00CBAF33 /* Main_iPhone.storyboard in Resources */ = {isa = PBXBuildFile; fileRef = BAE389B419943F2C00CBAF33 /* Main_iPhone.storyboard */; };
		BAE389B919943F2C00CBAF33 /* Main_iPad.storyboard in Resources */ = {isa = PBXBuildFile; fileRef = BAE389B719943F2C00CBAF33 /* Main_iPad.storyboard */; };
		BAE389BC19943F2C00CBAF33 /* UIMonitorTesterViewController.m in Sources */ = {isa = PBXBuildFile; fileRef = BAE389BB19943F2C00CBAF33 /* UIMonitorTesterViewController.m */; };
		BAE389BE19943F2D00CBAF33 /* Images.xcassets in Resources */ = {isa = PBXBuildFile; fileRef = BAE389BD19943F2D00CBAF33 /* Images.xcassets */; };
		BAE389C519943F2D00CBAF33 /* XCTest.framework in Frameworks */ = {isa = PBXBuildFile; fileRef = BAE389C419943F2D00CBAF33 /* XCTest.framework */; };
		BAE389C619943F2D00CBAF33 /* Foundation.framework in Frameworks */ = {isa = PBXBuildFile; fileRef = BAE389A219943F2C00CBAF33 /* Foundation.framework */; };
		BAE389C719943F2D00CBAF33 /* UIKit.framework in Frameworks */ = {isa = PBXBuildFile; fileRef = BAE389A619943F2C00CBAF33 /* UIKit.framework */; };
		BAE389CF19943F2D00CBAF33 /* InfoPlist.strings in Resources */ = {isa = PBXBuildFile; fileRef = BAE389CD19943F2D00CBAF33 /* InfoPlist.strings */; };
		BAE389D119943F2D00CBAF33 /* UIMonitorTesterTests.m in Sources */ = {isa = PBXBuildFile; fileRef = BAE389D019943F2D00CBAF33 /* UIMonitorTesterTests.m */; };
/* End PBXBuildFile section */

/* Begin PBXContainerItemProxy section */
		BAE389C819943F2D00CBAF33 /* PBXContainerItemProxy */ = {
			isa = PBXContainerItemProxy;
			containerPortal = BAE3899719943F2C00CBAF33 /* Project object */;
			proxyType = 1;
			remoteGlobalIDString = BAE3899E19943F2C00CBAF33;
			remoteInfo = UIMonitorTester;
		};
/* End PBXContainerItemProxy section */

/* Begin PBXFileReference section */
		BAE3899F19943F2C00CBAF33 /* UIMonitorTester.app */ = {isa = PBXFileReference; explicitFileType = wrapper.application; includeInIndex = 0; path = UIMonitorTester.app; sourceTree = BUILT_PRODUCTS_DIR; };
		BAE389A219943F2C00CBAF33 /* Foundation.framework */ = {isa = PBXFileReference; lastKnownFileType = wrapper.framework; name = Foundation.framework; path = System/Library/Frameworks/Foundation.framework; sourceTree = SDKROOT; };
		BAE389A419943F2C00CBAF33 /* CoreGraphics.framework */ = {isa = PBXFileReference; lastKnownFileType = wrapper.framework; name = CoreGraphics.framework; path = System/Library/Frameworks/CoreGraphics.framework; sourceTree = SDKROOT; };
		BAE389A619943F2C00CBAF33 /* UIKit.framework */ = {isa = PBXFileReference; lastKnownFileType = wrapper.framework; name = UIKit.framework; path = System/Library/Frameworks/UIKit.framework; sourceTree = SDKROOT; };
		BAE389AA19943F2C00CBAF33 /* UIMonitorTester-Info.plist */ = {isa = PBXFileReference; lastKnownFileType = text.plist.xml; path = "UIMonitorTester-Info.plist"; sourceTree = "<group>"; };
		BAE389AC19943F2C00CBAF33 /* en */ = {isa = PBXFileReference; lastKnownFileType = text.plist.strings; name = en; path = en.lproj/InfoPlist.strings; sourceTree = "<group>"; };
		BAE389AE19943F2C00CBAF33 /* main.m */ = {isa = PBXFileReference; lastKnownFileType = sourcecode.c.objc; path = main.m; sourceTree = "<group>"; };
		BAE389B019943F2C00CBAF33 /* UIMonitorTester-Prefix.pch */ = {isa = PBXFileReference; lastKnownFileType = sourcecode.c.h; path = "UIMonitorTester-Prefix.pch"; sourceTree = "<group>"; };
		BAE389B119943F2C00CBAF33 /* UIMonitorTesterAppDelegate.h */ = {isa = PBXFileReference; lastKnownFileType = sourcecode.c.h; path = UIMonitorTesterAppDelegate.h; sourceTree = "<group>"; };
		BAE389B219943F2C00CBAF33 /* UIMonitorTesterAppDelegate.m */ = {isa = PBXFileReference; lastKnownFileType = sourcecode.c.objc; path = UIMonitorTesterAppDelegate.m; sourceTree = "<group>"; };
		BAE389B519943F2C00CBAF33 /* Base */ = {isa = PBXFileReference; lastKnownFileType = file.storyboard; name = Base; path = Base.lproj/Main_iPhone.storyboard; sourceTree = "<group>"; };
		BAE389B819943F2C00CBAF33 /* Base */ = {isa = PBXFileReference; lastKnownFileType = file.storyboard; name = Base; path = Base.lproj/Main_iPad.storyboard; sourceTree = "<group>"; };
		BAE389BA19943F2C00CBAF33 /* UIMonitorTesterViewController.h */ = {isa = PBXFileReference; lastKnownFileType = sourcecode.c.h; path = UIMonitorTesterViewController.h; sourceTree = "<group>"; };
		BAE389BB19943F2C00CBAF33 /* UIMonitorTesterViewController.m */ = {isa = PBXFileReference; lastKnownFileType = sourcecode.c.objc; path = UIMonitorTesterViewController.m; sourceTree = "<group>"; };
		BAE389BD19943F2D00CBAF33 /* Images.xcassets */ = {isa = PBXFileReference; lastKnownFileType = folder.assetcatalog; path = Images.xcassets; sourceTree = "<group>"; };
		BAE389C319943F2D00CBAF33 /* UIMonitorTesterTests.xctest */ = {isa = PBXFileReference; explicitFileType = wrapper.cfbundle; includeInIndex = 0; path = UIMonitorTesterTests.xctest; sourceTree = BUILT_PRODUCTS_DIR; };
		BAE389C419943F2D00CBAF33 /* XCTest.framework */ = {isa = PBXFileReference; lastKnownFileType = wrapper.framework; name = XCTest.framework; path = Library/Frameworks/XCTest.framework; sourceTree = DEVELOPER_DIR; };
		BAE389CC19943F2D00CBAF33 /* UIMonitorTesterTests-Info.plist */ = {isa = PBXFileReference; lastKnownFileType = text.plist.xml; path = "UIMonitorTesterTests-Info.plist"; sourceTree = "<group>"; };
		BAE389CE19943F2D00CBAF33 /* en */ = {isa = PBXFileReference; lastKnownFileType = text.plist.strings; name = en; path = en.lproj/InfoPlist.strings; sourceTree = "<group>"; };
		BAE389D019943F2D00CBAF33 /* UIMonitorTesterTests.m */ = {isa = PBXFileReference; lastKnownFileType = sourcecode.c.objc; path = UIMonitorTesterTests.m; sourceTree = "<group>"; };
/* End PBXFileReference section */

/* Begin PBXFrameworksBuildPhase section */
		BAE3899C19943F2C00CBAF33 /* Frameworks */ = {
			isa = PBXFrameworksBuildPhase;
			buildActionMask = 2147483647;
			files = (
				BAE389A519943F2C00CBAF33 /* CoreGraphics.framework in Frameworks */,
				BAE389A719943F2C00CBAF33 /* UIKit.framework in Frameworks */,
				BAE389A319943F2C00CBAF33 /* Foundation.framework in Frameworks */,
			);
			runOnlyForDeploymentPostprocessing = 0;
		};
		BAE389C019943F2D00CBAF33 /* Frameworks */ = {
			isa = PBXFrameworksBuildPhase;
			buildActionMask = 2147483647;
			files = (
				BAE389C519943F2D00CBAF33 /* XCTest.framework in Frameworks */,
				BAE389C719943F2D00CBAF33 /* UIKit.framework in Frameworks */,
				BAE389C619943F2D00CBAF33 /* Foundation.framework in Frameworks */,
			);
			runOnlyForDeploymentPostprocessing = 0;
		};
/* End PBXFrameworksBuildPhase section */

/* Begin PBXGroup section */
		BAE3899619943F2C00CBAF33 = {
			isa = PBXGroup;
			children = (
				BAE389A819943F2C00CBAF33 /* UIMonitorTester */,
				BAE389CA19943F2D00CBAF33 /* UIMonitorTesterTests */,
				BAE389A119943F2C00CBAF33 /* Frameworks */,
				BAE389A019943F2C00CBAF33 /* Products */,
			);
			sourceTree = "<group>";
		};
		BAE389A019943F2C00CBAF33 /* Products */ = {
			isa = PBXGroup;
			children = (
				BAE3899F19943F2C00CBAF33 /* UIMonitorTester.app */,
				BAE389C319943F2D00CBAF33 /* UIMonitorTesterTests.xctest */,
			);
			name = Products;
			sourceTree = "<group>";
		};
		BAE389A119943F2C00CBAF33 /* Frameworks */ = {
			isa = PBXGroup;
			children = (
				BAE389A219943F2C00CBAF33 /* Foundation.framework */,
				BAE389A419943F2C00CBAF33 /* CoreGraphics.framework */,
				BAE389A619943F2C00CBAF33 /* UIKit.framework */,
				BAE389C419943F2D00CBAF33 /* XCTest.framework */,
			);
			name = Frameworks;
			sourceTree = "<group>";
		};
		BAE389A819943F2C00CBAF33 /* UIMonitorTester */ = {
			isa = PBXGroup;
			children = (
				BAE389B119943F2C00CBAF33 /* UIMonitorTesterAppDelegate.h */,
				BAE389B219943F2C00CBAF33 /* UIMonitorTesterAppDelegate.m */,
				BAE389B419943F2C00CBAF33 /* Main_iPhone.storyboard */,
				BAE389B719943F2C00CBAF33 /* Main_iPad.storyboard */,
				BAE389BA19943F2C00CBAF33 /* UIMonitorTesterViewController.h */,
				BAE389BB19943F2C00CBAF33 /* UIMonitorTesterViewController.m */,
				BAE389BD19943F2D00CBAF33 /* Images.xcassets */,
				BAE389A919943F2C00CBAF33 /* Supporting Files */,
			);
			path = UIMonitorTester;
			sourceTree = "<group>";
		};
		BAE389A919943F2C00CBAF33 /* Supporting Files */ = {
			isa = PBXGroup;
			children = (
				BAE389AA19943F2C00CBAF33 /* UIMonitorTester-Info.plist */,
				BAE389AB19943F2C00CBAF33 /* InfoPlist.strings */,
				BAE389AE19943F2C00CBAF33 /* main.m */,
				BAE389B019943F2C00CBAF33 /* UIMonitorTester-Prefix.pch */,
			);
			name = "Supporting Files";
			sourceTree = "<group>";
		};
		BAE389CA19943F2D00CBAF33 /* UIMonitorTesterTests */ = {
			isa = PBXGroup;
			children = (
				BAE389D019943F2D00CBAF33 /* UIMonitorTesterTests.m */,
				BAE389CB19943F2D00CBAF33 /* Supporting Files */,
			);
			path = UIMonitorTesterTests;
			sourceTree = "<group>";
		};
		BAE389CB19943F2D00CBAF33 /* Supporting Files */ = {
			isa = PBXGroup;
			children = (
				BAE389CC19943F2D00CBAF33 /* UIMonitorTesterTests-Info.plist */,
				BAE389CD19943F2D00CBAF33 /* InfoPlist.strings */,
			);
			name = "Supporting Files";
			sourceTree = "<group>";
		};
/* End PBXGroup section */

/* Begin PBXNativeTarget section */
		BAE3899E19943F2C00CBAF33 /* UIMonitorTester */ = {
			isa = PBXNativeTarget;
			buildConfigurationList = BAE389D419943F2D00CBAF33 /* Build configuration list for PBXNativeTarget "UIMonitorTester" */;
			buildPhases = (
				BAE3899B19943F2C00CBAF33 /* Sources */,
				BAE3899C19943F2C00CBAF33 /* Frameworks */,
				BAE3899D19943F2C00CBAF33 /* Resources */,
			);
			buildRules = (
			);
			dependencies = (
			);
			name = UIMonitorTester;
			productName = UIMonitorTester;
			productReference = BAE3899F19943F2C00CBAF33 /* UIMonitorTester.app */;
			productType = "com.apple.product-type.application";
		};
		BAE389C219943F2D00CBAF33 /* UIMonitorTesterTests */ = {
			isa = PBXNativeTarget;
			buildConfigurationList = BAE389D719943F2D00CBAF33 /* Build configuration list for PBXNativeTarget "UIMonitorTesterTests" */;
			buildPhases = (
				BAE389BF19943F2D00CBAF33 /* Sources */,
				BAE389C019943F2D00CBAF33 /* Frameworks */,
				BAE389C119943F2D00CBAF33 /* Resources */,
			);
			buildRules = (
			);
			dependencies = (
				BAE389C919943F2D00CBAF33 /* PBXTargetDependency */,
			);
			name = UIMonitorTesterTests;
			productName = UIMonitorTesterTests;
			productReference = BAE389C319943F2D00CBAF33 /* UIMonitorTesterTests.xctest */;
			productType = "com.apple.product-type.bundle.unit-test";
		};
/* End PBXNativeTarget section */

/* Begin PBXProject section */
		BAE3899719943F2C00CBAF33 /* Project object */ = {
			isa = PBXProject;
			attributes = {
				CLASSPREFIX = UIMonitorTester;
				LastUpgradeCheck = 0510;
				ORGANIZATIONNAME = NachoCove;
				TargetAttributes = {
					BAE389C219943F2D00CBAF33 = {
						TestTargetID = BAE3899E19943F2C00CBAF33;
					};
				};
			};
			buildConfigurationList = BAE3899A19943F2C00CBAF33 /* Build configuration list for PBXProject "UIMonitorTester" */;
			compatibilityVersion = "Xcode 3.2";
			developmentRegion = English;
			hasScannedForEncodings = 0;
			knownRegions = (
				en,
				Base,
			);
			mainGroup = BAE3899619943F2C00CBAF33;
			productRefGroup = BAE389A019943F2C00CBAF33 /* Products */;
			projectDirPath = "";
			projectRoot = "";
			targets = (
				BAE3899E19943F2C00CBAF33 /* UIMonitorTester */,
				BAE389C219943F2D00CBAF33 /* UIMonitorTesterTests */,
			);
		};
/* End PBXProject section */

/* Begin PBXResourcesBuildPhase section */
		BAE3899D19943F2C00CBAF33 /* Resources */ = {
			isa = PBXResourcesBuildPhase;
			buildActionMask = 2147483647;
			files = (
				BAE389B919943F2C00CBAF33 /* Main_iPad.storyboard in Resources */,
				BAE389BE19943F2D00CBAF33 /* Images.xcassets in Resources */,
				BAE389B619943F2C00CBAF33 /* Main_iPhone.storyboard in Resources */,
				BAE389AD19943F2C00CBAF33 /* InfoPlist.strings in Resources */,
			);
			runOnlyForDeploymentPostprocessing = 0;
		};
		BAE389C119943F2D00CBAF33 /* Resources */ = {
			isa = PBXResourcesBuildPhase;
			buildActionMask = 2147483647;
			files = (
				BAE389CF19943F2D00CBAF33 /* InfoPlist.strings in Resources */,
			);
			runOnlyForDeploymentPostprocessing = 0;
		};
/* End PBXResourcesBuildPhase section */

/* Begin PBXSourcesBuildPhase section */
		BAE3899B19943F2C00CBAF33 /* Sources */ = {
			isa = PBXSourcesBuildPhase;
			buildActionMask = 2147483647;
			files = (
				BAE389B319943F2C00CBAF33 /* UIMonitorTesterAppDelegate.m in Sources */,
				BAE389AF19943F2C00CBAF33 /* main.m in Sources */,
				BAE389BC19943F2C00CBAF33 /* UIMonitorTesterViewController.m in Sources */,
			);
			runOnlyForDeploymentPostprocessing = 0;
		};
		BAE389BF19943F2D00CBAF33 /* Sources */ = {
			isa = PBXSourcesBuildPhase;
			buildActionMask = 2147483647;
			files = (
				BAE389D119943F2D00CBAF33 /* UIMonitorTesterTests.m in Sources */,
			);
			runOnlyForDeploymentPostprocessing = 0;
		};
/* End PBXSourcesBuildPhase section */

/* Begin PBXTargetDependency section */
		BAE389C919943F2D00CBAF33 /* PBXTargetDependency */ = {
			isa = PBXTargetDependency;
			target = BAE3899E19943F2C00CBAF33 /* UIMonitorTester */;
			targetProxy = BAE389C819943F2D00CBAF33 /* PBXContainerItemProxy */;
		};
/* End PBXTargetDependency section */

/* Begin PBXVariantGroup section */
		BAE389AB19943F2C00CBAF33 /* InfoPlist.strings */ = {
			isa = PBXVariantGroup;
			children = (
				BAE389AC19943F2C00CBAF33 /* en */,
			);
			name = InfoPlist.strings;
			sourceTree = "<group>";
		};
		BAE389B419943F2C00CBAF33 /* Main_iPhone.storyboard */ = {
			isa = PBXVariantGroup;
			children = (
				BAE389B519943F2C00CBAF33 /* Base */,
			);
			name = Main_iPhone.storyboard;
			sourceTree = "<group>";
		};
		BAE389B719943F2C00CBAF33 /* Main_iPad.storyboard */ = {
			isa = PBXVariantGroup;
			children = (
				BAE389B819943F2C00CBAF33 /* Base */,
			);
			name = Main_iPad.storyboard;
			sourceTree = "<group>";
		};
		BAE389CD19943F2D00CBAF33 /* InfoPlist.strings */ = {
			isa = PBXVariantGroup;
			children = (
				BAE389CE19943F2D00CBAF33 /* en */,
			);
			name = InfoPlist.strings;
			sourceTree = "<group>";
		};
/* End PBXVariantGroup section */

/* Begin XCBuildConfiguration section */
		BAE389D219943F2D00CBAF33 /* Debug */ = {
			isa = XCBuildConfiguration;
			buildSettings = {
				ALWAYS_SEARCH_USER_PATHS = NO;
				CLANG_CXX_LANGUAGE_STANDARD = "gnu++0x";
				CLANG_CXX_LIBRARY = "libc++";
				CLANG_ENABLE_MODULES = YES;
				CLANG_ENABLE_OBJC_ARC = YES;
				CLANG_WARN_BOOL_CONVERSION = YES;
				CLANG_WARN_CONSTANT_CONVERSION = YES;
				CLANG_WARN_DIRECT_OBJC_ISA_USAGE = YES_ERROR;
				CLANG_WARN_EMPTY_BODY = YES;
				CLANG_WARN_ENUM_CONVERSION = YES;
				CLANG_WARN_INT_CONVERSION = YES;
				CLANG_WARN_OBJC_ROOT_CLASS = YES_ERROR;
				CLANG_WARN__DUPLICATE_METHOD_MATCH = YES;
				"CODE_SIGN_IDENTITY[sdk=iphoneos*]" = "iPhone Developer";
				COPY_PHASE_STRIP = NO;
				GCC_C_LANGUAGE_STANDARD = gnu99;
				GCC_DYNAMIC_NO_PIC = NO;
				GCC_OPTIMIZATION_LEVEL = 0;
				GCC_PREPROCESSOR_DEFINITIONS = (
					"DEBUG=1",
					"$(inherited)",
				);
				GCC_SYMBOLS_PRIVATE_EXTERN = NO;
				GCC_WARN_64_TO_32_BIT_CONVERSION = YES;
				GCC_WARN_ABOUT_RETURN_TYPE = YES_ERROR;
				GCC_WARN_UNDECLARED_SELECTOR = YES;
				GCC_WARN_UNINITIALIZED_AUTOS = YES_AGGRESSIVE;
				GCC_WARN_UNUSED_FUNCTION = YES;
				GCC_WARN_UNUSED_VARIABLE = YES;
				IPHONEOS_DEPLOYMENT_TARGET = 7.1;
				ONLY_ACTIVE_ARCH = YES;
				SDKROOT = iphoneos;
				TARGETED_DEVICE_FAMILY = "1,2";
			};
			name = Debug;
		};
		BAE389D319943F2D00CBAF33 /* Release */ = {
			isa = XCBuildConfiguration;
			buildSettings = {
				ALWAYS_SEARCH_USER_PATHS = NO;
				CLANG_CXX_LANGUAGE_STANDARD = "gnu++0x";
				CLANG_CXX_LIBRARY = "libc++";
				CLANG_ENABLE_MODULES = YES;
				CLANG_ENABLE_OBJC_ARC = YES;
				CLANG_WARN_BOOL_CONVERSION = YES;
				CLANG_WARN_CONSTANT_CONVERSION = YES;
				CLANG_WARN_DIRECT_OBJC_ISA_USAGE = YES_ERROR;
				CLANG_WARN_EMPTY_BODY = YES;
				CLANG_WARN_ENUM_CONVERSION = YES;
				CLANG_WARN_INT_CONVERSION = YES;
				CLANG_WARN_OBJC_ROOT_CLASS = YES_ERROR;
				CLANG_WARN__DUPLICATE_METHOD_MATCH = YES;
				"CODE_SIGN_IDENTITY[sdk=iphoneos*]" = "iPhone Developer";
				COPY_PHASE_STRIP = YES;
				ENABLE_NS_ASSERTIONS = NO;
				GCC_C_LANGUAGE_STANDARD = gnu99;
				GCC_WARN_64_TO_32_BIT_CONVERSION = YES;
				GCC_WARN_ABOUT_RETURN_TYPE = YES_ERROR;
				GCC_WARN_UNDECLARED_SELECTOR = YES;
				GCC_WARN_UNINITIALIZED_AUTOS = YES_AGGRESSIVE;
				GCC_WARN_UNUSED_FUNCTION = YES;
				GCC_WARN_UNUSED_VARIABLE = YES;
				IPHONEOS_DEPLOYMENT_TARGET = 7.1;
				SDKROOT = iphoneos;
				TARGETED_DEVICE_FAMILY = "1,2";
				VALIDATE_PRODUCT = YES;
			};
			name = Release;
		};
		BAE389D519943F2D00CBAF33 /* Debug */ = {
			isa = XCBuildConfiguration;
			buildSettings = {
				ASSETCATALOG_COMPILER_APPICON_NAME = AppIcon;
				ASSETCATALOG_COMPILER_LAUNCHIMAGE_NAME = LaunchImage;
				GCC_PRECOMPILE_PREFIX_HEADER = YES;
				GCC_PREFIX_HEADER = "UIMonitorTester/UIMonitorTester-Prefix.pch";
				INFOPLIST_FILE = "UIMonitorTester/UIMonitorTester-Info.plist";
				PRODUCT_NAME = "$(TARGET_NAME)";
				WRAPPER_EXTENSION = app;
			};
			name = Debug;
		};
		BAE389D619943F2D00CBAF33 /* Release */ = {
			isa = XCBuildConfiguration;
			buildSettings = {
				ASSETCATALOG_COMPILER_APPICON_NAME = AppIcon;
				ASSETCATALOG_COMPILER_LAUNCHIMAGE_NAME = LaunchImage;
				GCC_PRECOMPILE_PREFIX_HEADER = YES;
				GCC_PREFIX_HEADER = "UIMonitorTester/UIMonitorTester-Prefix.pch";
				INFOPLIST_FILE = "UIMonitorTester/UIMonitorTester-Info.plist";
				PRODUCT_NAME = "$(TARGET_NAME)";
				WRAPPER_EXTENSION = app;
			};
			name = Release;
		};
		BAE389D819943F2D00CBAF33 /* Debug */ = {
			isa = XCBuildConfiguration;
			buildSettings = {
				BUNDLE_LOADER = "$(BUILT_PRODUCTS_DIR)/UIMonitorTester.app/UIMonitorTester";
				FRAMEWORK_SEARCH_PATHS = (
					"$(SDKROOT)/Developer/Library/Frameworks",
					"$(inherited)",
					"$(DEVELOPER_FRAMEWORKS_DIR)",
				);
				GCC_PRECOMPILE_PREFIX_HEADER = YES;
				GCC_PREFIX_HEADER = "UIMonitorTester/UIMonitorTester-Prefix.pch";
				GCC_PREPROCESSOR_DEFINITIONS = (
					"DEBUG=1",
					"$(inherited)",
				);
				INFOPLIST_FILE = "UIMonitorTesterTests/UIMonitorTesterTests-Info.plist";
				PRODUCT_NAME = "$(TARGET_NAME)";
				TEST_HOST = "$(BUNDLE_LOADER)";
				WRAPPER_EXTENSION = xctest;
			};
			name = Debug;
		};
		BAE389D919943F2D00CBAF33 /* Release */ = {
			isa = XCBuildConfiguration;
			buildSettings = {
				BUNDLE_LOADER = "$(BUILT_PRODUCTS_DIR)/UIMonitorTester.app/UIMonitorTester";
				FRAMEWORK_SEARCH_PATHS = (
					"$(SDKROOT)/Developer/Library/Frameworks",
					"$(inherited)",
					"$(DEVELOPER_FRAMEWORKS_DIR)",
				);
				GCC_PRECOMPILE_PREFIX_HEADER = YES;
				GCC_PREFIX_HEADER = "UIMonitorTester/UIMonitorTester-Prefix.pch";
				INFOPLIST_FILE = "UIMonitorTesterTests/UIMonitorTesterTests-Info.plist";
				PRODUCT_NAME = "$(TARGET_NAME)";
				TEST_HOST = "$(BUNDLE_LOADER)";
				WRAPPER_EXTENSION = xctest;
			};
			name = Release;
		};
/* End XCBuildConfiguration section */

/* Begin XCConfigurationList section */
		BAE3899A19943F2C00CBAF33 /* Build configuration list for PBXProject "UIMonitorTester" */ = {
			isa = XCConfigurationList;
			buildConfigurations = (
				BAE389D219943F2D00CBAF33 /* Debug */,
				BAE389D319943F2D00CBAF33 /* Release */,
			);
			defaultConfigurationIsVisible = 0;
			defaultConfigurationName = Release;
		};
		BAE389D419943F2D00CBAF33 /* Build configuration list for PBXNativeTarget "UIMonitorTester" */ = {
			isa = XCConfigurationList;
			buildConfigurations = (
				BAE389D519943F2D00CBAF33 /* Debug */,
				BAE389D619943F2D00CBAF33 /* Release */,
			);
			defaultConfigurationIsVisible = 0;
		};
		BAE389D719943F2D00CBAF33 /* Build configuration list for PBXNativeTarget "UIMonitorTesterTests" */ = {
			isa = XCConfigurationList;
			buildConfigurations = (
				BAE389D819943F2D00CBAF33 /* Debug */,
				BAE389D919943F2D00CBAF33 /* Release */,
			);
			defaultConfigurationIsVisible = 0;
		};
/* End XCConfigurationList section */
	};
	rootObject = BAE3899719943F2C00CBAF33 /* Project object */;
}
